
Microsoft Visual Studio Solution File, Format Version 12.00
# Visual Studio Version 17
VisualStudioVersion = 17.14.36327.8
MinimumVisualStudioVersion = 10.0.40219.1
Project("{2150E333-8FDC-42A3-9474-1A3956D46DE8}") = "src", "src", "{02EA681E-C7D8-13C7-8484-4AC65E1B71E8}"
EndProject
Project("{2150E333-8FDC-42A3-9474-1A3956D46DE8}") = "tests", "tests", "{E6384F41-CA94-4DEB-8AC4-AAFFC9A86295}"
EndProject
Project("{2150E333-8FDC-42A3-9474-1A3956D46DE8}") = "backend", "backend", "{A9359E24-05B8-464E-88A8-56B56E57CA5B}"
EndProject
Project("{2150E333-8FDC-42A3-9474-1A3956D46DE8}") = "shared", "shared", "{335AB7B9-BC90-4AEC-8A27-926C54D1EA7E}"
EndProject
Project("{2150E333-8FDC-42A3-9474-1A3956D46DE8}") = "mobile", "mobile", "{8B170372-FD0E-419F-88DD-17E331696334}"
EndProject
Project("{FAE04EC0-301F-11D3-BF4B-00C04F79EFBC}") = "MyRecipeBook.API", "src\backend\MyRecipeBook.API\MyRecipeBook.API.csproj", "{E33674B2-F9C5-4DFC-8778-F25BB43EAC4C}"
EndProject
Project("{FAE04EC0-301F-11D3-BF4B-00C04F79EFBC}") = "MyRecipeBook.Application", "src\backend\MyRecipeBook.Application\MyRecipeBook.Application.csproj", "{3CAFF32A-4B7C-4AA2-B50B-8BF96104352E}"
EndProject
Project("{FAE04EC0-301F-11D3-BF4B-00C04F79EFBC}") = "MyRecipeBook.Domain", "src\backend\MyRecipeBook.Domain\MyRecipeBook.Domain.csproj", "{C3EB968B-FC46-4A9D-8E28-D2CA337F03EC}"
EndProject
Project("{FAE04EC0-301F-11D3-BF4B-00C04F79EFBC}") = "MyRecipeBook.Infrastructure", "src\backend\MyRecipeBook.Infrastructure\MyRecipeBook.Infrastructure.csproj", "{B70B77C7-BB40-421D-A87D-952CCD8F7617}"
EndProject
Project("{FAE04EC0-301F-11D3-BF4B-00C04F79EFBC}") = "MyRecipeBook.Communication", "src\shared\MyRecipeBook.Communication\MyRecipeBook.Communication.csproj", "{7601FD5F-24CA-4515-B3BF-932E2CAF49FA}"
EndProject
Project("{FAE04EC0-301F-11D3-BF4B-00C04F79EFBC}") = "MyRecipeBook.Exceptions", "src\shared\MyRecipeBook.Exceptions\MyRecipeBook.Exceptions.csproj", "{737615BD-1CBD-4C05-81CB-DCDFD42C3485}"
EndProject
Global
	GlobalSection(SolutionConfigurationPlatforms) = preSolution
		Debug|Any CPU = Debug|Any CPU
		Release|Any CPU = Release|Any CPU
	EndGlobalSection
	GlobalSection(ProjectConfigurationPlatforms) = postSolution
		{E33674B2-F9C5-4DFC-8778-F25BB43EAC4C}.Debug|Any CPU.ActiveCfg = Debug|Any CPU
		{E33674B2-F9C5-4DFC-8778-F25BB43EAC4C}.Debug|Any CPU.Build.0 = Debug|Any CPU
		{E33674B2-F9C5-4DFC-8778-F25BB43EAC4C}.Release|Any CPU.ActiveCfg = Release|Any CPU
		{E33674B2-F9C5-4DFC-8778-F25BB43EAC4C}.Release|Any CPU.Build.0 = Release|Any CPU
		{3CAFF32A-4B7C-4AA2-B50B-8BF96104352E}.Debug|Any CPU.ActiveCfg = Debug|Any CPU
		{3CAFF32A-4B7C-4AA2-B50B-8BF96104352E}.Debug|Any CPU.Build.0 = Debug|Any CPU
		{3CAFF32A-4B7C-4AA2-B50B-8BF96104352E}.Release|Any CPU.ActiveCfg = Release|Any CPU
		{3CAFF32A-4B7C-4AA2-B50B-8BF96104352E}.Release|Any CPU.Build.0 = Release|Any CPU
		{C3EB968B-FC46-4A9D-8E28-D2CA337F03EC}.Debug|Any CPU.ActiveCfg = Debug|Any CPU
		{C3EB968B-FC46-4A9D-8E28-D2CA337F03EC}.Debug|Any CPU.Build.0 = Debug|Any CPU
		{C3EB968B-FC46-4A9D-8E28-D2CA337F03EC}.Release|Any CPU.ActiveCfg = Release|Any CPU
		{C3EB968B-FC46-4A9D-8E28-D2CA337F03EC}.Release|Any CPU.Build.0 = Release|Any CPU
		{B70B77C7-BB40-421D-A87D-952CCD8F7617}.Debug|Any CPU.ActiveCfg = Debug|Any CPU
		{B70B77C7-BB40-421D-A87D-952CCD8F7617}.Debug|Any CPU.Build.0 = Debug|Any CPU
		{B70B77C7-BB40-421D-A87D-952CCD8F7617}.Release|Any CPU.ActiveCfg = Release|Any CPU
		{B70B77C7-BB40-421D-A87D-952CCD8F7617}.Release|Any CPU.Build.0 = Release|Any CPU
		{7601FD5F-24CA-4515-B3BF-932E2CAF49FA}.Debug|Any CPU.ActiveCfg = Debug|Any CPU
		{7601FD5F-24CA-4515-B3BF-932E2CAF49FA}.Debug|Any CPU.Build.0 = Debug|Any CPU
		{7601FD5F-24CA-4515-B3BF-932E2CAF49FA}.Release|Any CPU.ActiveCfg = Release|Any CPU
		{7601FD5F-24CA-4515-B3BF-932E2CAF49FA}.Release|Any CPU.Build.0 = Release|Any CPU
		{737615BD-1CBD-4C05-81CB-DCDFD42C3485}.Debug|Any CPU.ActiveCfg = Debug|Any CPU
		{737615BD-1CBD-4C05-81CB-DCDFD42C3485}.Debug|Any CPU.Build.0 = Debug|Any CPU
		{737615BD-1CBD-4C05-81CB-DCDFD42C3485}.Release|Any CPU.ActiveCfg = Release|Any CPU
		{737615BD-1CBD-4C05-81CB-DCDFD42C3485}.Release|Any CPU.Build.0 = Release|Any CPU
	EndGlobalSection
	GlobalSection(SolutionProperties) = preSolution
		HideSolutionNode = FALSE
	EndGlobalSection
	GlobalSection(NestedProjects) = preSolution
		{A9359E24-05B8-464E-88A8-56B56E57CA5B} = {02EA681E-C7D8-13C7-8484-4AC65E1B71E8}
		{335AB7B9-BC90-4AEC-8A27-926C54D1EA7E} = {02EA681E-C7D8-13C7-8484-4AC65E1B71E8}
		{8B170372-FD0E-419F-88DD-17E331696334} = {02EA681E-C7D8-13C7-8484-4AC65E1B71E8}
		{E33674B2-F9C5-4DFC-8778-F25BB43EAC4C} = {A9359E24-05B8-464E-88A8-56B56E57CA5B}
		{3CAFF32A-4B7C-4AA2-B50B-8BF96104352E} = {A9359E24-05B8-464E-88A8-56B56E57CA5B}
		{C3EB968B-FC46-4A9D-8E28-D2CA337F03EC} = {A9359E24-05B8-464E-88A8-56B56E57CA5B}
		{B70B77C7-BB40-421D-A87D-952CCD8F7617} = {A9359E24-05B8-464E-88A8-56B56E57CA5B}
		{7601FD5F-24CA-4515-B3BF-932E2CAF49FA} = {335AB7B9-BC90-4AEC-8A27-926C54D1EA7E}
		{737615BD-1CBD-4C05-81CB-DCDFD42C3485} = {335AB7B9-BC90-4AEC-8A27-926C54D1EA7E}
	EndGlobalSection
	GlobalSection(ExtensibilityGlobals) = postSolution
		SolutionGuid = {D678FE5B-FDC6-4E64-B729-577062072C62}
	EndGlobalSection
EndGlobal
